<?xml version="1.0" encoding="utf-8"?>
<Project ToolsVersion="4.0" xmlns="http://schemas.microsoft.com/developer/msbuild/2003">
  <ItemGroup>
    <Filter Include="Исходные файлы">
      <UniqueIdentifier>{4FC737F1-C7A5-4376-A066-2A32D752A2FF}</UniqueIdentifier>
      <Extensions>cpp;c;cc;cxx;c++;cppm;ixx;def;odl;idl;hpj;bat;asm;asmx</Extensions>
    </Filter>
    <Filter Include="Файлы заголовков">
      <UniqueIdentifier>{93995380-89BD-4b04-88EB-625FBE52EBFB}</UniqueIdentifier>
      <Extensions>h;hh;hpp;hxx;h++;hm;inl;inc;ipp;xsd</Extensions>
    </Filter>
    <Filter Include="Файлы ресурсов">
      <UniqueIdentifier>{67DA6AB6-F800-4c08-8B7A-83BB121AAD01}</UniqueIdentifier>
      <Extensions>rc;ico;cur;bmp;dlg;rc2;rct;bin;rgs;gif;jpg;jpeg;jpe;resx;tiff;tif;png;wav;mfcribbon-ms</Extensions>
    </Filter>
  </ItemGroup>
  <ItemGroup>
    <ClCompile Include="1. Two Sum.cpp">
      <Filter>Исходные файлы</Filter>
    </ClCompile>
    <ClCompile Include="2. Add Two Numbers.cpp">
      <Filter>Исходные файлы</Filter>
    </ClCompile>
    <ClCompile Include="3. Longest Substring Without Repeating Characters.cpp">
      <Filter>Исходные файлы</Filter>
    </ClCompile>
    <ClCompile Include="4. Median of Two Sorted Arrays.cpp">
      <Filter>Исходные файлы</Filter>
    </ClCompile>
    <ClCompile Include="7. Reverse Integer.cpp">
      <Filter>Исходные файлы</Filter>
    </ClCompile>
    <ClCompile Include="9. Palindrome Number.cpp">
      <Filter>Исходные файлы</Filter>
    </ClCompile>
    <ClCompile Include="13. Roman to Integer.cpp">
      <Filter>Исходные файлы</Filter>
    </ClCompile>
    <ClCompile Include="20. Valid Parentheses.cpp">
      <Filter>Исходные файлы</Filter>
    </ClCompile>
    <ClCompile Include="48. Rotate Image.cpp">
      <Filter>Исходные файлы</Filter>
    </ClCompile>
    <ClCompile Include="58. Length of Last Word.cpp">
      <Filter>Исходные файлы</Filter>
    </ClCompile>
    <ClCompile Include="66. Plus One.cpp">
      <Filter>Исходные файлы</Filter>
    </ClCompile>
    <ClCompile Include="217. Contains Duplicate.cpp">
      <Filter>Исходные файлы</Filter>
    </ClCompile>
    <ClCompile Include="231. Power of Two.cpp">
      <Filter>Исходные файлы</Filter>
    </ClCompile>
    <ClCompile Include="342. Power of Four.cpp">
      <Filter>Исходные файлы</Filter>
    </ClCompile>
    <ClCompile Include="771. Jewels and Stones.cpp">
      <Filter>Исходные файлы</Filter>
    </ClCompile>
    <ClCompile Include="1108. Defanging an IP Address.cpp">
      <Filter>Исходные файлы</Filter>
    </ClCompile>
    <ClCompile Include="1281. Subtract the Product and Sum of Digits of an Integer.cpp">
      <Filter>Исходные файлы</Filter>
    </ClCompile>
    <ClCompile Include="1290. Convert Binary Number in a Linked List to Integer.cpp">
      <Filter>Исходные файлы</Filter>
    </ClCompile>
    <ClCompile Include="1342. Number of Steps to Reduce a Number to Zero.cpp">
      <Filter>Исходные файлы</Filter>
    </ClCompile>
    <ClCompile Include="1470. Shuffle the Array.cpp">
      <Filter>Исходные файлы</Filter>
    </ClCompile>
    <ClCompile Include="1480. Running Sum of 1d Array.cpp">
      <Filter>Исходные файлы</Filter>
    </ClCompile>
    <ClCompile Include="1486. XOR Operation in an Array.cpp">
      <Filter>Исходные файлы</Filter>
    </ClCompile>
    <ClCompile Include="1603. Design Parking System.cpp">
      <Filter>Исходные файлы</Filter>
    </ClCompile>
    <ClCompile Include="1672. Richest Customer Wealth.cpp">
      <Filter>Исходные файлы</Filter>
    </ClCompile>
    <ClCompile Include="1688. Count of Matches in Tournament.cpp">
      <Filter>Исходные файлы</Filter>
    </ClCompile>
    <ClCompile Include="2011. Final Value of Variable After Performing Operations.cpp">
      <Filter>Исходные файлы</Filter>
    </ClCompile>
    <ClCompile Include="2235. Add Two Integers.cpp">
      <Filter>Исходные файлы</Filter>
    </ClCompile>
    <ClCompile Include="2413. Smallest Even Multiple.cpp">
      <Filter>Исходные файлы</Filter>
    </ClCompile>
    <ClCompile Include="2427. Number of Common Factors.cpp">
      <Filter>Исходные файлы</Filter>
    </ClCompile>
    <ClCompile Include="49. Group Anagrams.cpp">
      <Filter>Исходные файлы</Filter>
    </ClCompile>
    <ClCompile Include="242. Valid Anagram.cpp">
      <Filter>Исходные файлы</Filter>
    </ClCompile>
    <ClCompile Include="1662. Check If Two String Arrays are Equivalent.cpp">
      <Filter>Исходные файлы</Filter>
    </ClCompile>
    <ClCompile Include="914. X of a Kind in a Deck of Cards.cpp">
      <Filter>Исходные файлы</Filter>
    </ClCompile>
    <ClCompile Include="2469. Convert the Temperature.cpp">
      <Filter>Исходные файлы</Filter>
    </ClCompile>
    <ClCompile Include="1302. Deepest Leaves Sum.cpp">
      <Filter>Исходные файлы</Filter>
    </ClCompile>
    <ClCompile Include="535. Encode and Decode TinyURL.cpp">
      <Filter>Исходные файлы</Filter>
    </ClCompile>
    <ClCompile Include="2433. Find The Original Array of Prefix Xor.cpp">
      <Filter>Исходные файлы</Filter>
    </ClCompile>
    <ClCompile Include="2391. Minimum Amount of Time to Collect Garbage.cpp">
      <Filter>Исходные файлы</Filter>
    </ClCompile>
    <ClCompile Include="2109. Adding Spaces to a String.cpp">
      <Filter>Исходные файлы</Filter>
    </ClCompile>
    <ClCompile Include="1394. Find Lucky Integer in an Array.cpp">
      <Filter>Исходные файлы</Filter>
    </ClCompile>
    <ClCompile Include="1979. Find Greatest Common Divisor of Array.cpp">
      <Filter>Исходные файлы</Filter>
    </ClCompile>
    <ClCompile Include="380. Insert Delete GetRandom O(1).cpp">
      <Filter>Исходные файлы</Filter>
    </ClCompile>
    <ClCompile Include="1689. Partitioning Into Minimum Number Of Deci-Binary Numbers.cpp">
      <Filter>Исходные файлы</Filter>
    </ClCompile>
    <ClCompile Include="1974. Minimum Time to Type Word Using Special Typewriter.cpp">
      <Filter>Исходные файлы</Filter>
    </ClCompile>
    <ClCompile Include="344. Reverse String.cpp">
      <Filter>Исходные файлы</Filter>
    </ClCompile>
    <ClCompile Include="104. Maximum Depth of Binary Tree.cpp">
      <Filter>Исходные файлы</Filter>
    </ClCompile>
    <ClCompile Include="111. Minimum Depth of Binary Tree.cpp">
      <Filter>Исходные файлы</Filter>
    </ClCompile>
    <ClCompile Include="206. Reverse Linked List.cpp">
      <Filter>Исходные файлы</Filter>
    </ClCompile>
    <ClCompile Include="92. Reverse Linked List II.cpp">
      <Filter>Исходные файлы</Filter>
    </ClCompile>
    <ClCompile Include="559. Maximum Depth of N-ary Tree.cpp">
      <Filter>Исходные файлы</Filter>
    </ClCompile>
    <ClCompile Include="237. Delete Node in a Linked List.cpp">
      <Filter>Исходные файлы</Filter>
    </ClCompile>
    <ClCompile Include="203. Remove Linked List Elements.cpp">
      <Filter>Исходные файлы</Filter>
    </ClCompile>
    <ClCompile Include="27. Remove Element.cpp">
      <Filter>Исходные файлы</Filter>
    </ClCompile>
    <ClCompile Include="283. Move Zeroes.cpp">
      <Filter>Исходные файлы</Filter>
    </ClCompile>
    <ClCompile Include="326. Power of Three.cpp">
      <Filter>Исходные файлы</Filter>
    </ClCompile>
    <ClCompile Include="412. Fizz Buzz.cpp">
      <Filter>Исходные файлы</Filter>
    </ClCompile>
    <ClCompile Include="451. Sort Characters By Frequency.cpp">
      <Filter>Исходные файлы</Filter>
    </ClCompile>
    <ClCompile Include="387. First Unique Character in a String.cpp">
      <Filter>Исходные файлы</Filter>
    </ClCompile>
    <ClCompile Include="2404. Most Frequent Even Element.cpp">
      <Filter>Исходные файлы</Filter>
    </ClCompile>
    <ClCompile Include="169. Majority Element.cpp">
      <Filter>Исходные файлы</Filter>
    </ClCompile>
    <ClCompile Include="2351. First Letter to Appear Twice.cpp">
      <Filter>Исходные файлы</Filter>
    </ClCompile>
    <ClCompile Include="1903. Largest Odd Number in String.cpp">
      <Filter>Исходные файлы</Filter>
    </ClCompile>
    <ClCompile Include="2278. Percentage of Letter in String.cpp">
      <Filter>Исходные файлы</Filter>
    </ClCompile>
    <ClCompile Include="1844. Replace All Digits with Characters.cpp">
      <Filter>Исходные файлы</Filter>
    </ClCompile>
    <ClCompile Include="2264. Largest 3-Same-Digit Number in String.cpp">
      <Filter>Исходные файлы</Filter>
    </ClCompile>
  </ItemGroup>
</Project>